
Microsoft Visual Studio Solution File, Format Version 12.00
# Visual Studio 2012
Project("{E24C65DC-7377-472B-9ABA-BC803B73C61A}") = "Odd-Or-Even", "http://localhost:2135", "{A7E0C99A-3F6F-4651-B6E3-BC52CE4B7A91}"
	ProjectSection(WebsiteProperties) = preProject
		UseIISExpress = "true"
		TargetFrameworkMoniker = ".NETFramework,Version%3Dv4.5"
		Debug.AspNetCompiler.VirtualPath = "/localhost_2135"
		Debug.AspNetCompiler.PhysicalPath = "Odd-Or-Even\"
		Debug.AspNetCompiler.TargetPath = "PrecompiledWeb\localhost_2135\"
		Debug.AspNetCompiler.Updateable = "true"
		Debug.AspNetCompiler.ForceOverwrite = "true"
		Debug.AspNetCompiler.FixedNames = "false"
		Debug.AspNetCompiler.Debug = "True"
		Release.AspNetCompiler.VirtualPath = "/localhost_2135"
		Release.AspNetCompiler.PhysicalPath = "Odd-Or-Even\"
		Release.AspNetCompiler.TargetPath = "PrecompiledWeb\localhost_2135\"
		Release.AspNetCompiler.Updateable = "true"
		Release.AspNetCompiler.ForceOverwrite = "true"
		Release.AspNetCompiler.FixedNames = "false"
		Release.AspNetCompiler.Debug = "False"
		SlnRelativePath = "Odd-Or-Even\"
		DefaultWebSiteLanguage = "Visual C#"
	EndProjectSection
EndProject
Project("{E24C65DC-7377-472B-9ABA-BC803B73C61A}") = "Divide-by-7-and-5", "http://localhost:2183", "{EDAAD80A-604C-4A8A-A67C-D77D5CAB840A}"
	ProjectSection(WebsiteProperties) = preProject
		UseIISExpress = "true"
		TargetFrameworkMoniker = ".NETFramework,Version%3Dv4.5"
		Debug.AspNetCompiler.VirtualPath = "/localhost_2183"
		Debug.AspNetCompiler.PhysicalPath = "Divide-by-7-and-5\"
		Debug.AspNetCompiler.TargetPath = "PrecompiledWeb\localhost_2183\"
		Debug.AspNetCompiler.Updateable = "true"
		Debug.AspNetCompiler.ForceOverwrite = "true"
		Debug.AspNetCompiler.FixedNames = "false"
		Debug.AspNetCompiler.Debug = "True"
		Release.AspNetCompiler.VirtualPath = "/localhost_2183"
		Release.AspNetCompiler.PhysicalPath = "Divide-by-7-and-5\"
		Release.AspNetCompiler.TargetPath = "PrecompiledWeb\localhost_2183\"
		Release.AspNetCompiler.Updateable = "true"
		Release.AspNetCompiler.ForceOverwrite = "true"
		Release.AspNetCompiler.FixedNames = "false"
		Release.AspNetCompiler.Debug = "False"
		SlnRelativePath = "Divide-by-7-and-5\"
		DefaultWebSiteLanguage = "Visual C#"
	EndProjectSection
EndProject
Project("{E24C65DC-7377-472B-9ABA-BC803B73C61A}") = "Rectangle-Size", "http://localhost:2217", "{3B1F5C54-48F5-4276-849F-21FF4516DE4F}"
	ProjectSection(WebsiteProperties) = preProject
		UseIISExpress = "true"
		TargetFrameworkMoniker = ".NETFramework,Version%3Dv4.5"
		Debug.AspNetCompiler.VirtualPath = "/localhost_2217"
		Debug.AspNetCompiler.PhysicalPath = "Rectangle-Size\"
		Debug.AspNetCompiler.TargetPath = "PrecompiledWeb\localhost_2217\"
		Debug.AspNetCompiler.Updateable = "true"
		Debug.AspNetCompiler.ForceOverwrite = "true"
		Debug.AspNetCompiler.FixedNames = "false"
		Debug.AspNetCompiler.Debug = "True"
		Release.AspNetCompiler.VirtualPath = "/localhost_2217"
		Release.AspNetCompiler.PhysicalPath = "Rectangle-Size\"
		Release.AspNetCompiler.TargetPath = "PrecompiledWeb\localhost_2217\"
		Release.AspNetCompiler.Updateable = "true"
		Release.AspNetCompiler.ForceOverwrite = "true"
		Release.AspNetCompiler.FixedNames = "false"
		Release.AspNetCompiler.Debug = "False"
		SlnRelativePath = "Rectangle-Size\"
		DefaultWebSiteLanguage = "Visual C#"
	EndProjectSection
EndProject
Global
	GlobalSection(SolutionConfigurationPlatforms) = preSolution
		Debug|Any CPU = Debug|Any CPU
	EndGlobalSection
	GlobalSection(ProjectConfigurationPlatforms) = postSolution
		{A7E0C99A-3F6F-4651-B6E3-BC52CE4B7A91}.Debug|Any CPU.ActiveCfg = Debug|Any CPU
		{A7E0C99A-3F6F-4651-B6E3-BC52CE4B7A91}.Debug|Any CPU.Build.0 = Debug|Any CPU
		{EDAAD80A-604C-4A8A-A67C-D77D5CAB840A}.Debug|Any CPU.ActiveCfg = Debug|Any CPU
		{EDAAD80A-604C-4A8A-A67C-D77D5CAB840A}.Debug|Any CPU.Build.0 = Debug|Any CPU
		{3B1F5C54-48F5-4276-849F-21FF4516DE4F}.Debug|Any CPU.ActiveCfg = Debug|Any CPU
		{3B1F5C54-48F5-4276-849F-21FF4516DE4F}.Debug|Any CPU.Build.0 = Debug|Any CPU
	EndGlobalSection
	GlobalSection(SolutionProperties) = preSolution
		HideSolutionNode = FALSE
	EndGlobalSection
EndGlobal
